
Microsoft Visual Studio Solution File, Format Version 12.00
# Visual Studio Version 16
VisualStudioVersion = 16.0.31702.278
MinimumVisualStudioVersion = 10.0.40219.1
Project("{9A19103F-16F7-4668-BE54-9A1E7A4F7556}") = "Gateways.NET", "Gateways.NET.csproj", "{D7B28FE1-82FA-47B7-9F19-78560155F863}"
EndProject
Project("{FAE04EC0-301F-11D3-BF4B-00C04F79EFBC}") = "Gateways.NET.SDK", "..\Gateways.NET.SDK\Gateways.NET.SDK.csproj", "{FD33197B-CC10-4020-A857-1D03BD761057}"
EndProject
Project("{FAE04EC0-301F-11D3-BF4B-00C04F79EFBC}") = "Gateways.NET.Core", "..\Gateways.NET.ViewModels\Gateways.NET.Core.csproj", "{1A7021A9-2A60-431E-AECD-E604BD346D61}"
EndProject
Global
	GlobalSection(SolutionConfigurationPlatforms) = preSolution
		Debug|Any CPU = Debug|Any CPU
		Release|Any CPU = Release|Any CPU
	EndGlobalSection
	GlobalSection(ProjectConfigurationPlatforms) = postSolution
		{D7B28FE1-82FA-47B7-9F19-78560155F863}.Debug|Any CPU.ActiveCfg = Debug|Any CPU
		{D7B28FE1-82FA-47B7-9F19-78560155F863}.Debug|Any CPU.Build.0 = Debug|Any CPU
		{D7B28FE1-82FA-47B7-9F19-78560155F863}.Release|Any CPU.ActiveCfg = Release|Any CPU
		{D7B28FE1-82FA-47B7-9F19-78560155F863}.Release|Any CPU.Build.0 = Release|Any CPU
		{FD33197B-CC10-4020-A857-1D03BD761057}.Debug|Any CPU.ActiveCfg = Debug|Any CPU
		{FD33197B-CC10-4020-A857-1D03BD761057}.Debug|Any CPU.Build.0 = Debug|Any CPU
		{FD33197B-CC10-4020-A857-1D03BD761057}.Release|Any CPU.ActiveCfg = Release|Any CPU
		{FD33197B-CC10-4020-A857-1D03BD761057}.Release|Any CPU.Build.0 = Release|Any CPU
		{1A7021A9-2A60-431E-AECD-E604BD346D61}.Debug|Any CPU.ActiveCfg = Debug|Any CPU
		{1A7021A9-2A60-431E-AECD-E604BD346D61}.Debug|Any CPU.Build.0 = Debug|Any CPU
		{1A7021A9-2A60-431E-AECD-E604BD346D61}.Release|Any CPU.ActiveCfg = Release|Any CPU
		{1A7021A9-2A60-431E-AECD-E604BD346D61}.Release|Any CPU.Build.0 = Release|Any CPU
	EndGlobalSection
	GlobalSection(SolutionProperties) = preSolution
		HideSolutionNode = FALSE
	EndGlobalSection
	GlobalSection(ExtensibilityGlobals) = postSolution
		SolutionGuid = {685BF320-A524-40D9-80B3-E6E90DD39D22}
	EndGlobalSection
EndGlobal
